
Microsoft Visual Studio Solution File, Format Version 12.00
# Visual Studio Version 16
VisualStudioVersion = 16.0.29806.167
MinimumVisualStudioVersion = 10.0.40219.1
Project("{FAE04EC0-301F-11D3-BF4B-00C04F79EFBC}") = "FileStorage", "FileStorage\FileStorage.csproj", "{53A6F0A0-8940-4897-81FF-CED47B0578CB}"
EndProject
Global
	GlobalSection(SolutionConfigurationPlatforms) = preSolution
		Debug|Any CPU = Debug|Any CPU
		Release|Any CPU = Release|Any CPU
	EndGlobalSection
	GlobalSection(ProjectConfigurationPlatforms) = postSolution
		{53A6F0A0-8940-4897-81FF-CED47B0578CB}.Debug|Any CPU.ActiveCfg = Debug|Any CPU
		{53A6F0A0-8940-4897-81FF-CED47B0578CB}.Debug|Any CPU.Build.0 = Debug|Any CPU
		{53A6F0A0-8940-4897-81FF-CED47B0578CB}.Release|Any CPU.ActiveCfg = Release|Any CPU
		{53A6F0A0-8940-4897-81FF-CED47B0578CB}.Release|Any CPU.Build.0 = Release|Any CPU
	EndGlobalSection
	GlobalSection(SolutionProperties) = preSolution
		HideSolutionNode = FALSE
	EndGlobalSection
	GlobalSection(ExtensibilityGlobals) = postSolution
		SolutionGuid = {542A7C8E-C2D7-4330-8F3D-5826DDAC0664}
	EndGlobalSection
EndGlobal
