
Microsoft Visual Studio Solution File, Format Version 12.00
# Visual Studio Version 16
VisualStudioVersion = 16.0.30413.136
MinimumVisualStudioVersion = 10.0.40219.1
Project("{FAE04EC0-301F-11D3-BF4B-00C04F79EFBC}") = "ExportClass", "ExportClass\ExportClass.csproj", "{5B490938-E505-4123-9FE7-71B34DD80E12}"
EndProject
Global
	GlobalSection(SolutionConfigurationPlatforms) = preSolution
		Debug|Any CPU = Debug|Any CPU
		Release|Any CPU = Release|Any CPU
	EndGlobalSection
	GlobalSection(ProjectConfigurationPlatforms) = postSolution
		{5B490938-E505-4123-9FE7-71B34DD80E12}.Debug|Any CPU.ActiveCfg = Debug|Any CPU
		{5B490938-E505-4123-9FE7-71B34DD80E12}.Debug|Any CPU.Build.0 = Debug|Any CPU
		{5B490938-E505-4123-9FE7-71B34DD80E12}.Release|Any CPU.ActiveCfg = Release|Any CPU
		{5B490938-E505-4123-9FE7-71B34DD80E12}.Release|Any CPU.Build.0 = Release|Any CPU
	EndGlobalSection
	GlobalSection(SolutionProperties) = preSolution
		HideSolutionNode = FALSE
	EndGlobalSection
	GlobalSection(ExtensibilityGlobals) = postSolution
		SolutionGuid = {2890E258-1DD8-4975-AFAB-076A27F2A530}
	EndGlobalSection
EndGlobal
